Microsoft Visual Studio Solution File, Format Version 12.00
# Visual Studio Version 17
VisualStudioVersion = 17.5.2.0
MinimumVisualStudioVersion = 10.0.40219.1
Project("{FAE04EC0-301F-11D3-BF4B-00C04F79EFBC}") = "WslMcastSvc", "WSlMcastSvc\WslMcastSvc.csproj", "{13325540-8A8D-9CF1-9AE3-E99D43B74C0C}"
EndProject
Global
	GlobalSection(SolutionConfigurationPlatforms) = preSolution
		Debug|Any CPU = Debug|Any CPU
		Release|Any CPU = Release|Any CPU
	EndGlobalSection
	GlobalSection(ProjectConfigurationPlatforms) = postSolution
		{13325540-8A8D-9CF1-9AE3-E99D43B74C0C}.Debug|Any CPU.ActiveCfg = Debug|Any CPU
		{13325540-8A8D-9CF1-9AE3-E99D43B74C0C}.Debug|Any CPU.Build.0 = Debug|Any CPU
		{13325540-8A8D-9CF1-9AE3-E99D43B74C0C}.Release|Any CPU.ActiveCfg = Release|Any CPU
		{13325540-8A8D-9CF1-9AE3-E99D43B74C0C}.Release|Any CPU.Build.0 = Release|Any CPU
	EndGlobalSection
	GlobalSection(SolutionProperties) = preSolution
		HideSolutionNode = FALSE
	EndGlobalSection
	GlobalSection(ExtensibilityGlobals) = postSolution
		SolutionGuid = {A9589C15-CACB-47AD-888D-DD29A7A59264}
	EndGlobalSection
EndGlobal
